// !$*UTF8*$!
{
	archiveVersion = 1;
	classes = {
	};
	objectVersion = 55;
	objects = {

/* Begin PBXBuildFile section */
		8C7E43B5279618E700B1EA70 /* AppDelegate.swift in Sources */ = {isa = PBXBuildFile; fileRef = 8C7E43B4279618E700B1EA70 /* AppDelegate.swift */; };
		8C7E43B7279618E700B1EA70 /* SceneDelegate.swift in Sources */ = {isa = PBXBuildFile; fileRef = 8C7E43B6279618E700B1EA70 /* SceneDelegate.swift */; };
		8C7E43B9279618E700B1EA70 /* ViewController.swift in Sources */ = {isa = PBXBuildFile; fileRef = 8C7E43B8279618E700B1EA70 /* ViewController.swift */; };
		8C7E43BC279618E700B1EA70 /* Main.storyboard in Resources */ = {isa = PBXBuildFile; fileRef = 8C7E43BA279618E700B1EA70 /* Main.storyboard */; };
		8C7E43BE279618E800B1EA70 /* Assets.xcassets in Resources */ = {isa = PBXBuildFile; fileRef = 8C7E43BD279618E800B1EA70 /* Assets.xcassets */; };
		8C7E43C1279618E800B1EA70 /* LaunchScreen.storyboard in Resources */ = {isa = PBXBuildFile; fileRef = 8C7E43BF279618E800B1EA70 /* LaunchScreen.storyboard */; };
		8C7E43CC279618E800B1EA70 /* PreworkTests.swift in Sources */ = {isa = PBXBuildFile; fileRef = 8C7E43CB279618E800B1EA70 /* PreworkTests.swift */; };
		8C7E43D6279618E800B1EA70 /* PreworkUITests.swift in Sources */ = {isa = PBXBuildFile; fileRef = 8C7E43D5279618E800B1EA70 /* PreworkUITests.swift */; };
		8C7E43D8279618E800B1EA70 /* PreworkUITestsLaunchTests.swift in Sources */ = {isa = PBXBuildFile; fileRef = 8C7E43D7279618E800B1EA70 /* PreworkUITestsLaunchTests.swift */; };
		8C88936627A254AE00149014 /* SettingsViewController.swift in Sources */ = {isa = PBXBuildFile; fileRef = 8C88936527A254AE00149014 /* SettingsViewController.swift */; };
/* End PBXBuildFile section */

/* Begin PBXContainerItemProxy section */
		8C7E43C8279618E800B1EA70 /* PBXContainerItemProxy */ = {
			isa = PBXContainerItemProxy;
			containerPortal = 8C7E43A9279618E700B1EA70 /* Project object */;
			proxyType = 1;
			remoteGlobalIDString = 8C7E43B0279618E700B1EA70;
			remoteInfo = Prework;
		};
		8C7E43D2279618E800B1EA70 /* PBXContainerItemProxy */ = {
			isa = PBXContainerItemProxy;
			containerPortal = 8C7E43A9279618E700B1EA70 /* Project object */;
			proxyType = 1;
			remoteGlobalIDString = 8C7E43B0279618E700B1EA70;
			remoteInfo = Prework;
		};
/* End PBXContainerItemProxy section */

/* Begin PBXFileReference section */
		8C7E43B1279618E700B1EA70 /* Prework.app */ = {isa = PBXFileReference; explicitFileType = wrapper.application; includeInIndex = 0; path = Prework.app; sourceTree = BUILT_PRODUCTS_DIR; };
		8C7E43B4279618E700B1EA70 /* AppDelegate.swift */ = {isa = PBXFileReference; lastKnownFileType = sourcecode.swift; path = AppDelegate.swift; sourceTree = "<group>"; };
		8C7E43B6279618E700B1EA70 /* SceneDelegate.swift */ = {isa = PBXFileReference; lastKnownFileType = sourcecode.swift; path = SceneDelegate.swift; sourceTree = "<group>"; };
		8C7E43B8279618E700B1EA70 /* ViewController.swift */ = {isa = PBXFileReference; lastKnownFileType = sourcecode.swift; path = ViewController.swift; sourceTree = "<group>"; };
		8C7E43BB279618E700B1EA70 /* Base */ = {isa = PBXFileReference; lastKnownFileType = file.storyboard; name = Base; path = Base.lproj/Main.storyboard; sourceTree = "<group>"; };
		8C7E43BD279618E800B1EA70 /* Assets.xcassets */ = {isa = PBXFileReference; lastKnownFileType = folder.assetcatalog; path = Assets.xcassets; sourceTree = "<group>"; };
		8C7E43C0279618E800B1EA70 /* Base */ = {isa = PBXFileReference; lastKnownFileType = file.storyboard; name = Base; path = Base.lproj/LaunchScreen.storyboard; sourceTree = "<group>"; };
		8C7E43C2279618E800B1EA70 /* Info.plist */ = {isa = PBXFileReference; lastKnownFileType = text.plist.xml; path = Info.plist; sourceTree = "<group>"; };
		8C7E43C7279618E800B1EA70 /* PreworkTests.xctest */ = {isa = PBXFileReference; explicitFileType = wrapper.cfbundle; includeInIndex = 0; path = PreworkTests.xctest; sourceTree = BUILT_PRODUCTS_DIR; };
		8C7E43CB279618E800B1EA70 /* PreworkTests.swift */ = {isa = PBXFileReference; lastKnownFileType = sourcecode.swift; path = PreworkTests.swift; sourceTree = "<group>"; };
		8C7E43D1279618E800B1EA70 /* PreworkUITests.xctest */ = {isa = PBXFileReference; explicitFileType = wrapper.cfbundle; includeInIndex = 0; path = PreworkUITests.xctest; sourceTree = BUILT_PRODUCTS_DIR; };
		8C7E43D5279618E800B1EA70 /* PreworkUITests.swift */ = {isa = PBXFileReference; lastKnownFileType = sourcecode.swift; path = PreworkUITests.swift; sourceTree = "<group>"; };
		8C7E43D7279618E800B1EA70 /* PreworkUITestsLaunchTests.swift */ = {isa = PBXFileReference; lastKnownFileType = sourcecode.swift; path = PreworkUITestsLaunchTests.swift; sourceTree = "<group>"; };
		8C88936527A254AE00149014 /* SettingsViewController.swift */ = {isa = PBXFileReference; lastKnownFileType = sourcecode.swift; path = SettingsViewController.swift; sourceTree = "<group>"; };
/* End PBXFileReference section */

/* Begin PBXFrameworksBuildPhase section */
		8C7E43AE279618E700B1EA70 /* Frameworks */ = {
			isa = PBXFrameworksBuildPhase;
			buildActionMask = 2147483647;
			files = (
			);
			runOnlyForDeploymentPostprocessing = 0;
		};
		8C7E43C4279618E800B1EA70 /* Frameworks */ = {
			isa = PBXFrameworksBuildPhase;
			buildActionMask = 2147483647;
			files = (
			);
			runOnlyForDeploymentPostprocessing = 0;
		};
		8C7E43CE279618E800B1EA70 /* Frameworks */ = {
			isa = PBXFrameworksBuildPhase;
			buildActionMask = 2147483647;
			files = (
			);
			runOnlyForDeploymentPostprocessing = 0;
		};
/* End PBXFrameworksBuildPhase section */

/* Begin PBXGroup section */
		8C7E43A8279618E700B1EA70 = {
			isa = PBXGroup;
			children = (
				8C7E43B3279618E700B1EA70 /* Prework */,
				8C7E43CA279618E800B1EA70 /* PreworkTests */,
				8C7E43D4279618E800B1EA70 /* PreworkUITests */,
				8C7E43B2279618E700B1EA70 /* Products */,
			);
			sourceTree = "<group>";
		};
		8C7E43B2279618E700B1EA70 /* Products */ = {
			isa = PBXGroup;
			children = (
				8C7E43B1279618E700B1EA70 /* Prework.app */,
				8C7E43C7279618E800B1EA70 /* PreworkTests.xctest */,
				8C7E43D1279618E800B1EA70 /* PreworkUITests.xctest */,
			);
			name = Products;
			sourceTree = "<group>";
		};
		8C7E43B3279618E700B1EA70 /* Prework */ = {
			isa = PBXGroup;
			children = (
				8C88936527A254AE00149014 /* SettingsViewController.swift */,
				8C7E43B4279618E700B1EA70 /* AppDelegate.swift */,
				8C7E43B6279618E700B1EA70 /* SceneDelegate.swift */,
				8C7E43B8279618E700B1EA70 /* ViewController.swift */,
				8C7E43BA279618E700B1EA70 /* Main.storyboard */,
				8C7E43BD279618E800B1EA70 /* Assets.xcassets */,
				8C7E43BF279618E800B1EA70 /* LaunchScreen.storyboard */,
				8C7E43C2279618E800B1EA70 /* Info.plist */,
			);
			path = Prework;
			sourceTree = "<group>";
		};
		8C7E43CA279618E800B1EA70 /* PreworkTests */ = {
			isa = PBXGroup;
			children = (
				8C7E43CB279618E800B1EA70 /* PreworkTests.swift */,
			);
			path = PreworkTests;
			sourceTree = "<group>";
		};
		8C7E43D4279618E800B1EA70 /* PreworkUITests */ = {
			isa = PBXGroup;
			children = (
				8C7E43D5279618E800B1EA70 /* PreworkUITests.swift */,
				8C7E43D7279618E800B1EA70 /* PreworkUITestsLaunchTests.swift */,
			);
			path = PreworkUITests;
			sourceTree = "<group>";
		};
/* End PBXGroup section */

/* Begin PBXNativeTarget section */
		8C7E43B0279618E700B1EA70 /* Prework */ = {
			isa = PBXNativeTarget;
			buildConfigurationList = 8C7E43DB279618E800B1EA70 /* Build configuration list for PBXNativeTarget "Prework" */;
			buildPhases = (
				8C7E43AD279618E700B1EA70 /* Sources */,
				8C7E43AE279618E700B1EA70 /* Frameworks */,
				8C7E43AF279618E700B1EA70 /* Resources */,
			);
			buildRules = (
			);
			dependencies = (
			);
			name = Prework;
			productName = Prework;
			productReference = 8C7E43B1279618E700B1EA70 /* Prework.app */;
			productType = "com.apple.product-type.application";
		};
		8C7E43C6279618E800B1EA70 /* PreworkTests */ = {
			isa = PBXNativeTarget;
			buildConfigurationList = 8C7E43DE279618E800B1EA70 /* Build configuration list for PBXNativeTarget "PreworkTests" */;
			buildPhases = (
				8C7E43C3279618E800B1EA70 /* Sources */,
				8C7E43C4279618E800B1EA70 /* Frameworks */,
				8C7E43C5279618E800B1EA70 /* Resources */,
			);
			buildRules = (
			);
			dependencies = (
				8C7E43C9279618E800B1EA70 /* PBXTargetDependency */,
			);
			name = PreworkTests;
			productName = PreworkTests;
			productReference = 8C7E43C7279618E800B1EA70 /* PreworkTests.xctest */;
			productType = "com.apple.product-type.bundle.unit-test";
		};
		8C7E43D0279618E800B1EA70 /* PreworkUITests */ = {
			isa = PBXNativeTarget;
			buildConfigurationList = 8C7E43E1279618E800B1EA70 /* Build configuration list for PBXNativeTarget "PreworkUITests" */;
			buildPhases = (
				8C7E43CD279618E800B1EA70 /* Sources */,
				8C7E43CE279618E800B1EA70 /* Frameworks */,
				8C7E43CF279618E800B1EA70 /* Resources */,
			);
			buildRules = (
			);
			dependencies = (
				8C7E43D3279618E800B1EA70 /* PBXTargetDependency */,
			);
			name = PreworkUITests;
			productName = PreworkUITests;
			productReference = 8C7E43D1279618E800B1EA70 /* PreworkUITests.xctest */;
			productType = "com.apple.product-type.bundle.ui-testing";
		};
/* End PBXNativeTarget section */

/* Begin PBXProject section */
		8C7E43A9279618E700B1EA70 /* Project object */ = {
			isa = PBXProject;
			attributes = {
				BuildIndependentTargetsInParallel = 1;
				LastSwiftUpdateCheck = 1320;
				LastUpgradeCheck = 1320;
				TargetAttributes = {
					8C7E43B0279618E700B1EA70 = {
						CreatedOnToolsVersion = 13.2.1;
					};
					8C7E43C6279618E800B1EA70 = {
						CreatedOnToolsVersion = 13.2.1;
						TestTargetID = 8C7E43B0279618E700B1EA70;
					};
					8C7E43D0279618E800B1EA70 = {
						CreatedOnToolsVersion = 13.2.1;
						TestTargetID = 8C7E43B0279618E700B1EA70;
					};
				};
			};
			buildConfigurationList = 8C7E43AC279618E700B1EA70 /* Build configuration list for PBXProject "Prework" */;
			compatibilityVersion = "Xcode 13.0";
			developmentRegion = en;
			hasScannedForEncodings = 0;
			knownRegions = (
				en,
				Base,
			);
			mainGroup = 8C7E43A8279618E700B1EA70;
			productRefGroup = 8C7E43B2279618E700B1EA70 /* Products */;
			projectDirPath = "";
			projectRoot = "";
			targets = (
				8C7E43B0279618E700B1EA70 /* Prework */,
				8C7E43C6279618E800B1EA70 /* PreworkTests */,
				8C7E43D0279618E800B1EA70 /* PreworkUITests */,
			);
		};
/* End PBXProject section */

/* Begin PBXResourcesBuildPhase section */
		8C7E43AF279618E700B1EA70 /* Resources */ = {
			isa = PBXResourcesBuildPhase;
			buildActionMask = 2147483647;
			files = (
				8C7E43C1279618E800B1EA70 /* LaunchScreen.storyboard in Resources */,
				8C7E43BE279618E800B1EA70 /* Assets.xcassets in Resources */,
				8C7E43BC279618E700B1EA70 /* Main.storyboard in Resources */,
			);
			runOnlyForDeploymentPostprocessing = 0;
		};
		8C7E43C5279618E800B1EA70 /* Resources */ = {
			isa = PBXResourcesBuildPhase;
			buildActionMask = 2147483647;
			files = (
			);
			runOnlyForDeploymentPostprocessing = 0;
		};
		8C7E43CF279618E800B1EA70 /* Resources */ = {
			isa = PBXResourcesBuildPhase;
			buildActionMask = 2147483647;
			files = (
			);
			runOnlyForDeploymentPostprocessing = 0;
		};
/* End PBXResourcesBuildPhase section */

/* Begin PBXSourcesBuildPhase section */
		8C7E43AD279618E700B1EA70 /* Sources */ = {
			isa = PBXSourcesBuildPhase;
			buildActionMask = 2147483647;
			files = (
				8C7E43B9279618E700B1EA70 /* ViewController.swift in Sources */,
				8C7E43B5279618E700B1EA70 /* AppDelegate.swift in Sources */,
				8C7E43B7279618E700B1EA70 /* SceneDelegate.swift in Sources */,
				8C88936627A254AE00149014 /* SettingsViewController.swift in Sources */,
			);
			runOnlyForDeploymentPostprocessing = 0;
		};
		8C7E43C3279618E800B1EA70 /* Sources */ = {
			isa = PBXSourcesBuildPhase;
			buildActionMask = 2147483647;
			files = (
				8C7E43CC279618E800B1EA70 /* PreworkTests.swift in Sources */,
			);
			runOnlyForDeploymentPostprocessing = 0;
		};
		8C7E43CD279618E800B1EA70 /* Sources */ = {
			isa = PBXSourcesBuildPhase;
			buildActionMask = 2147483647;
			files = (
				8C7E43D6279618E800B1EA70 /* PreworkUITests.swift in Sources */,
				8C7E43D8279618E800B1EA70 /* PreworkUITestsLaunchTests.swift in Sources */,
			);
			runOnlyForDeploymentPostprocessing = 0;
		};
/* End PBXSourcesBuildPhase section */

/* Begin PBXTargetDependency section */
		8C7E43C9279618E800B1EA70 /* PBXTargetDependency */ = {
			isa = PBXTargetDependency;
			target = 8C7E43B0279618E700B1EA70 /* Prework */;
			targetProxy = 8C7E43C8279618E800B1EA70 /* PBXContainerItemProxy */;
		};
		8C7E43D3279618E800B1EA70 /* PBXTargetDependency */ = {
			isa = PBXTargetDependency;
			target = 8C7E43B0279618E700B1EA70 /* Prework */;
			targetProxy = 8C7E43D2279618E800B1EA70 /* PBXContainerItemProxy */;
		};
/* End PBXTargetDependency section */

/* Begin PBXVariantGroup section */
		8C7E43BA279618E700B1EA70 /* Main.storyboard */ = {
			isa = PBXVariantGroup;
			children = (
				8C7E43BB279618E700B1EA70 /* Base */,
			);
			name = Main.storyboard;
			sourceTree = "<group>";
		};
		8C7E43BF279618E800B1EA70 /* LaunchScreen.storyboard */ = {
			isa = PBXVariantGroup;
			children = (
				8C7E43C0279618E800B1EA70 /* Base */,
			);
			name = LaunchScreen.storyboard;
			sourceTree = "<group>";
		};
/* End PBXVariantGroup section */

/* Begin XCBuildConfiguration section */
		8C7E43D9279618E800B1EA70 /* Debug */ = {
			isa = XCBuildConfiguration;
			buildSettings = {
				ALWAYS_SEARCH_USER_PATHS = NO;
				CLANG_ANALYZER_NONNULL = YES;
				CLANG_ANALYZER_NUMBER_OBJECT_CONVERSION = YES_AGGRESSIVE;
				CLANG_CXX_LANGUAGE_STANDARD = "gnu++17";
				CLANG_CXX_LIBRARY = "libc++";
				CLANG_ENABLE_MODULES = YES;
				CLANG_ENABLE_OBJC_ARC = YES;
				CLANG_ENABLE_OBJC_WEAK = YES;
				CLANG_WARN_BLOCK_CAPTURE_AUTORELEASING = YES;
				CLANG_WARN_BOOL_CONVERSION = YES;
				CLANG_WARN_COMMA = YES;
				CLANG_WARN_CONSTANT_CONVERSION = YES;
				CLANG_WARN_DEPRECATED_OBJC_IMPLEMENTATIONS = YES;
				CLANG_WARN_DIRECT_OBJC_ISA_USAGE = YES_ERROR;
				CLANG_WARN_DOCUMENTATION_COMMENTS = YES;
				CLANG_WARN_EMPTY_BODY = YES;
				CLANG_WARN_ENUM_CONVERSION = YES;
				CLANG_WARN_INFINITE_RECURSION = YES;
				CLANG_WARN_INT_CONVERSION = YES;
				CLANG_WARN_NON_LITERAL_NULL_CONVERSION = YES;
				CLANG_WARN_OBJC_IMPLICIT_RETAIN_SELF = YES;
				CLANG_WARN_OBJC_LITERAL_CONVERSION = YES;
				CLANG_WARN_OBJC_ROOT_CLASS = YES_ERROR;
				CLANG_WARN_QUOTED_INCLUDE_IN_FRAMEWORK_HEADER = YES;
				CLANG_WARN_RANGE_LOOP_ANALYSIS = YES;
				CLANG_WARN_STRICT_PROTOTYPES = YES;
				CLANG_WARN_SUSPICIOUS_MOVE = YES;
				CLANG_WARN_UNGUARDED_AVAILABILITY = YES_AGGRESSIVE;
				CLANG_WARN_UNREACHABLE_CODE = YES;
				CLANG_WARN__DUPLICATE_METHOD_MATCH = YES;
				COPY_PHASE_STRIP = NO;
				DEBUG_INFORMATION_FORMAT = dwarf;
				ENABLE_STRICT_OBJC_MSGSEND = YES;
				ENABLE_TESTABILITY = YES;
				GCC_C_LANGUAGE_STANDARD = gnu11;
				GCC_DYNAMIC_NO_PIC = NO;
				GCC_NO_COMMON_BLOCKS = YES;
				GCC_OPTIMIZATION_LEVEL = 0;
				GCC_PREPROCESSOR_DEFINITIONS = (
					"DEBUG=1",
					"$(inherited)",
				);
				GCC_WARN_64_TO_32_BIT_CONVERSION = YES;
				GCC_WARN_ABOUT_RETURN_TYPE = YES_ERROR;
				GCC_WARN_UNDECLARED_SELECTOR = YES;
				GCC_WARN_UNINITIALIZED_AUTOS = YES_AGGRESSIVE;
				GCC_WARN_UNUSED_FUNCTION = YES;
				GCC_WARN_UNUSED_VARIABLE = YES;
				IPHONEOS_DEPLOYMENT_TARGET = 15.2;
				MTL_ENABLE_DEBUG_INFO = INCLUDE_SOURCE;
				MTL_FAST_MATH = YES;
				ONLY_ACTIVE_ARCH = YES;
				SDKROOT = iphoneos;
				SWIFT_ACTIVE_COMPILATION_CONDITIONS = DEBUG;
				SWIFT_OPTIMIZATION_LEVEL = "-Onone";
			};
			name = Debug;
		};
		8C7E43DA279618E800B1EA70 /* Release */ = {
			isa = XCBuildConfiguration;
			buildSettings = {
				ALWAYS_SEARCH_USER_PATHS = NO;
				CLANG_ANALYZER_NONNULL = YES;
				CLANG_ANALYZER_NUMBER_OBJECT_CONVERSION = YES_AGGRESSIVE;
				CLANG_CXX_LANGUAGE_STANDARD = "gnu++17";
				CLANG_CXX_LIBRARY = "libc++";
				CLANG_ENABLE_MODULES = YES;
				CLANG_ENABLE_OBJC_ARC = YES;
				CLANG_ENABLE_OBJC_WEAK = YES;
				CLANG_WARN_BLOCK_CAPTURE_AUTORELEASING = YES;
				CLANG_WARN_BOOL_CONVERSION = YES;
				CLANG_WARN_COMMA = YES;
				CLANG_WARN_CONSTANT_CONVERSION = YES;
				CLANG_WARN_DEPRECATED_OBJC_IMPLEMENTATIONS = YES;
				CLANG_WARN_DIRECT_OBJC_ISA_USAGE = YES_ERROR;
				CLANG_WARN_DOCUMENTATION_COMMENTS = YES;
				CLANG_WARN_EMPTY_BODY = YES;
				CLANG_WARN_ENUM_CONVERSION = YES;
				CLANG_WARN_INFINITE_RECURSION = YES;
				CLANG_WARN_INT_CONVERSION = YES;
				CLANG_WARN_NON_LITERAL_NULL_CONVERSION = YES;
				CLANG_WARN_OBJC_IMPLICIT_RETAIN_SELF = YES;
				CLANG_WARN_OBJC_LITERAL_CONVERSION = YES;
				CLANG_WARN_OBJC_ROOT_CLASS = YES_ERROR;
				CLANG_WARN_QUOTED_INCLUDE_IN_FRAMEWORK_HEADER = YES;
				CLANG_WARN_RANGE_LOOP_ANALYSIS = YES;
				CLANG_WARN_STRICT_PROTOTYPES = YES;
				CLANG_WARN_SUSPICIOUS_MOVE = YES;
				CLANG_WARN_UNGUARDED_AVAILABILITY = YES_AGGRESSIVE;
				CLANG_WARN_UNREACHABLE_CODE = YES;
				CLANG_WARN__DUPLICATE_METHOD_MATCH = YES;
				COPY_PHASE_STRIP = NO;
				DEBUG_INFORMATION_FORMAT = "dwarf-with-dsym";
				ENABLE_NS_ASSERTIONS = NO;
				ENABLE_STRICT_OBJC_MSGSEND = YES;
				GCC_C_LANGUAGE_STANDARD = gnu11;
				GCC_NO_COMMON_BLOCKS = YES;
				GCC_WARN_64_TO_32_BIT_CONVERSION = YES;
				GCC_WARN_ABOUT_RETURN_TYPE = YES_ERROR;
				GCC_WARN_UNDECLARED_SELECTOR = YES;
				GCC_WARN_UNINITIALIZED_AUTOS = YES_AGGRESSIVE;
				GCC_WARN_UNUSED_FUNCTION = YES;
				GCC_WARN_UNUSED_VARIABLE = YES;
				IPHONEOS_DEPLOYMENT_TARGET = 15.2;
				MTL_ENABLE_DEBUG_INFO = NO;
				MTL_FAST_MATH = YES;
				SDKROOT = iphoneos;
				SWIFT_COMPILATION_MODE = wholemodule;
				SWIFT_OPTIMIZATION_LEVEL = "-O";
				VALIDATE_PRODUCT = YES;
			};
			name = Release;
		};
		8C7E43DC279618E800B1EA70 /* Debug */ = {
			isa = XCBuildConfiguration;
			buildSettings = {
				ASSETCATALOG_COMPILER_APPICON_NAME = AppIcon;
				ASSETCATALOG_COMPILER_GLOBAL_ACCENT_COLOR_NAME = AccentColor;
				CODE_SIGN_STYLE = Automatic;
				CURRENT_PROJECT_VERSION = 1;
				DEVELOPMENT_TEAM = 6ZGNUNB6JW;
				GENERATE_INFOPLIST_FILE = YES;
				INFOPLIST_FILE = Prework/Info.plist;
				INFOPLIST_KEY_UIApplicationSupportsIndirectInputEvents = YES;
				INFOPLIST_KEY_UILaunchStoryboardName = LaunchScreen;
				INFOPLIST_KEY_UIMainStoryboardFile = Main;
				INFOPLIST_KEY_UISupportedInterfaceOrientations_iPad = "UIInterfaceOrientationPortrait UIInterfaceOrientationPortraitUpsideDown UIInterfaceOrientationLandscapeLeft UIInterfaceOrientationLandscapeRight";
				INFOPLIST_KEY_UISupportedInterfaceOrientations_iPhone = "UIInterfaceOrientationPortrait UIInterfaceOrientationLandscapeLeft UIInterfaceOrientationLandscapeRight";
				LD_RUNPATH_SEARCH_PATHS = (
					"$(inherited)",
					"@executable_path/Frameworks",
				);
				MARKETING_VERSION = 1.0;
				PRODUCT_BUNDLE_IDENTIFIER = wangj55.Prework;
				PRODUCT_NAME = "$(TARGET_NAME)";
				SWIFT_EMIT_LOC_STRINGS = YES;
				SWIFT_VERSION = 5.0;
				TARGETED_DEVICE_FAMILY = "1,2";
			};
			name = Debug;
		};
		8C7E43DD279618E800B1EA70 /* Release */ = {
			isa = XCBuildConfiguration;
			buildSettings = {
				ASSETCATALOG_COMPILER_APPICON_NAME = AppIcon;
				ASSETCATALOG_COMPILER_GLOBAL_ACCENT_COLOR_NAME = AccentColor;
				CODE_SIGN_STYLE = Automatic;
				CURRENT_PROJECT_VERSION = 1;
				DEVELOPMENT_TEAM = 6ZGNUNB6JW;
				GENERATE_INFOPLIST_FILE = YES;
				INFOPLIST_FILE = Prework/Info.plist;
				INFOPLIST_KEY_UIApplicationSupportsIndirectInputEvents = YES;
				INFOPLIST_KEY_UILaunchStoryboardName = LaunchScreen;
				INFOPLIST_KEY_UIMainStoryboardFile = Main;
				INFOPLIST_KEY_UISupportedInterfaceOrientations_iPad = "UIInterfaceOrientationPortrait UIInterfaceOrientationPortraitUpsideDown UIInterfaceOrientationLandscapeLeft UIInterfaceOrientationLandscapeRight";
				INFOPLIST_KEY_UISupportedInterfaceOrientations_iPhone = "UIInterfaceOrientationPortrait UIInterfaceOrientationLandscapeLeft UIInterfaceOrientationLandscapeRight";
				LD_RUNPATH_SEARCH_PATHS = (
					"$(inherited)",
					"@executable_path/Frameworks",
				);
				MARKETING_VERSION = 1.0;
				PRODUCT_BUNDLE_IDENTIFIER = wangj55.Prework;
				PRODUCT_NAME = "$(TARGET_NAME)";
				SWIFT_EMIT_LOC_STRINGS = YES;
				SWIFT_VERSION = 5.0;
				TARGETED_DEVICE_FAMILY = "1,2";
			};
			name = Release;
		};
		8C7E43DF279618E800B1EA70 /* Debug */ = {
			isa = XCBuildConfiguration;
			buildSettings = {
				ALWAYS_EMBED_SWIFT_STANDARD_LIBRARIES = YES;
				BUNDLE_LOADER = "$(TEST_HOST)";
				CODE_SIGN_STYLE = Automatic;
				CURRENT_PROJECT_VERSION = 1;
				DEVELOPMENT_TEAM = 6ZGNUNB6JW;
				GENERATE_INFOPLIST_FILE = YES;
				IPHONEOS_DEPLOYMENT_TARGET = 15.2;
				MARKETING_VERSION = 1.0;
				PRODUCT_BUNDLE_IDENTIFIER = wangj55.PreworkTests;
				PRODUCT_NAME = "$(TARGET_NAME)";
				SWIFT_EMIT_LOC_STRINGS = NO;
				SWIFT_VERSION = 5.0;
				TARGETED_DEVICE_FAMILY = "1,2";
				TEST_HOST = "$(BUILT_PRODUCTS_DIR)/Prework.app/Prework";
			};
			name = Debug;
		};
		8C7E43E0279618E800B1EA70 /* Release */ = {
			isa = XCBuildConfiguration;
			buildSettings = {
				ALWAYS_EMBED_SWIFT_STANDARD_LIBRARIES = YES;
				BUNDLE_LOADER = "$(TEST_HOST)";
				CODE_SIGN_STYLE = Automatic;
				CURRENT_PROJECT_VERSION = 1;
				DEVELOPMENT_TEAM = 6ZGNUNB6JW;
				GENERATE_INFOPLIST_FILE = YES;
				IPHONEOS_DEPLOYMENT_TARGET = 15.2;
				MARKETING_VERSION = 1.0;
				PRODUCT_BUNDLE_IDENTIFIER = wangj55.PreworkTests;
				PRODUCT_NAME = "$(TARGET_NAME)";
				SWIFT_EMIT_LOC_STRINGS = NO;
				SWIFT_VERSION = 5.0;
				TARGETED_DEVICE_FAMILY = "1,2";
				TEST_HOST = "$(BUILT_PRODUCTS_DIR)/Prework.app/Prework";
			};
			name = Release;
		};
		8C7E43E2279618E800B1EA70 /* Debug */ = {
			isa = XCBuildConfiguration;
			buildSettings = {
				ALWAYS_EMBED_SWIFT_STANDARD_LIBRARIES = YES;
				CODE_SIGN_STYLE = Automatic;
				CURRENT_PROJECT_VERSION = 1;
				DEVELOPMENT_TEAM = 6ZGNUNB6JW;
				GENERATE_INFOPLIST_FILE = YES;
				MARKETING_VERSION = 1.0;
				PRODUCT_BUNDLE_IDENTIFIER = wangj55.PreworkUITests;
				PRODUCT_NAME = "$(TARGET_NAME)";
				SWIFT_EMIT_LOC_STRINGS = NO;
				SWIFT_VERSION = 5.0;
				TARGETED_DEVICE_FAMILY = "1,2";
				TEST_TARGET_NAME = Prework;
			};
			name = Debug;
		};
		8C7E43E3279618E800B1EA70 /* Release */ = {
			isa = XCBuildConfiguration;
			buildSettings = {
				ALWAYS_EMBED_SWIFT_STANDARD_LIBRARIES = YES;
				CODE_SIGN_STYLE = Automatic;
				CURRENT_PROJECT_VERSION = 1;
				DEVELOPMENT_TEAM = 6ZGNUNB6JW;
				GENERATE_INFOPLIST_FILE = YES;
				MARKETING_VERSION = 1.0;
				PRODUCT_BUNDLE_IDENTIFIER = wangj55.PreworkUITests;
				PRODUCT_NAME = "$(TARGET_NAME)";
				SWIFT_EMIT_LOC_STRINGS = NO;
				SWIFT_VERSION = 5.0;
				TARGETED_DEVICE_FAMILY = "1,2";
				TEST_TARGET_NAME = Prework;
			};
			name = Release;
		};
/* End XCBuildConfiguration section */

/* Begin XCConfigurationList section */
		8C7E43AC279618E700B1EA70 /* Build configuration list for PBXProject "Prework" */ = {
			isa = XCConfigurationList;
			buildConfigurations = (
				8C7E43D9279618E800B1EA70 /* Debug */,
				8C7E43DA279618E800B1EA70 /* Release */,
			);
			defaultConfigurationIsVisible = 0;
			defaultConfigurationName = Release;
		};
		8C7E43DB279618E800B1EA70 /* Build configuration list for PBXNativeTarget "Prework" */ = {
			isa = XCConfigurationList;
			buildConfigurations = (
				8C7E43DC279618E800B1EA70 /* Debug */,
				8C7E43DD279618E800B1EA70 /* Release */,
			);
			defaultConfigurationIsVisible = 0;
			defaultConfigurationName = Release;
		};
		8C7E43DE279618E800B1EA70 /* Build configuration list for PBXNativeTarget "PreworkTests" */ = {
			isa = XCConfigurationList;
			buildConfigurations = (
				8C7E43DF279618E800B1EA70 /* Debug */,
				8C7E43E0279618E800B1EA70 /* Release */,
			);
			defaultConfigurationIsVisible = 0;
			defaultConfigurationName = Release;
		};
		8C7E43E1279618E800B1EA70 /* Build configuration list for PBXNativeTarget "PreworkUITests" */ = {
			isa = XCConfigurationList;
			buildConfigurations = (
				8C7E43E2279618E800B1EA70 /* Debug */,
				8C7E43E3279618E800B1EA70 /* Release */,
			);
			defaultConfigurationIsVisible = 0;
			defaultConfigurationName = Release;
		};
/* End XCConfigurationList section */
	};
	rootObject = 8C7E43A9279618E700B1EA70 /* Project object */;
}
